
Microsoft Visual Studio Solution File, Format Version 12.00
# Visual Studio Version 16
VisualStudioVersion = 16.0.31702.278
MinimumVisualStudioVersion = 10.0.40219.1
Project("{888888A0-9F3D-457C-B088-3A5042F75D52}") = "podilDelitelu", "podilDelitelu\podilDelitelu.pyproj", "{17E3066D-2A40-49B7-B88F-714CAC23B9F7}"
EndProject
Global
	GlobalSection(SolutionConfigurationPlatforms) = preSolution
		Debug|Any CPU = Debug|Any CPU
		Release|Any CPU = Release|Any CPU
	EndGlobalSection
	GlobalSection(ProjectConfigurationPlatforms) = postSolution
		{17E3066D-2A40-49B7-B88F-714CAC23B9F7}.Debug|Any CPU.ActiveCfg = Debug|Any CPU
		{17E3066D-2A40-49B7-B88F-714CAC23B9F7}.Release|Any CPU.ActiveCfg = Release|Any CPU
	EndGlobalSection
	GlobalSection(SolutionProperties) = preSolution
		HideSolutionNode = FALSE
	EndGlobalSection
	GlobalSection(ExtensibilityGlobals) = postSolution
		SolutionGuid = {EC787FCE-D1F3-43E0-86FB-456A8CADEC2F}
	EndGlobalSection
EndGlobal
