
Microsoft Visual Studio Solution File, Format Version 12.00
# Visual Studio Version 16
VisualStudioVersion = 16.0.31702.278
MinimumVisualStudioVersion = 10.0.40219.1
Project("{888888A0-9F3D-457C-B088-3A5042F75D52}") = "perfectNumber", "perfectNumber\perfectNumber.pyproj", "{6159A36F-8759-4227-822B-2C3205D4F586}"
EndProject
Global
	GlobalSection(SolutionConfigurationPlatforms) = preSolution
		Debug|Any CPU = Debug|Any CPU
		Release|Any CPU = Release|Any CPU
	EndGlobalSection
	GlobalSection(ProjectConfigurationPlatforms) = postSolution
		{6159A36F-8759-4227-822B-2C3205D4F586}.Debug|Any CPU.ActiveCfg = Debug|Any CPU
		{6159A36F-8759-4227-822B-2C3205D4F586}.Release|Any CPU.ActiveCfg = Release|Any CPU
	EndGlobalSection
	GlobalSection(SolutionProperties) = preSolution
		HideSolutionNode = FALSE
	EndGlobalSection
	GlobalSection(ExtensibilityGlobals) = postSolution
		SolutionGuid = {9F548B59-5118-441C-B153-F1E373EB5655}
	EndGlobalSection
EndGlobal
