
Microsoft Visual Studio Solution File, Format Version 12.00
# Visual Studio Version 16
VisualStudioVersion = 16.0.31702.278
MinimumVisualStudioVersion = 10.0.40219.1
Project("{888888A0-9F3D-457C-B088-3A5042F75D52}") = "polish_math", "polish_math\polish_math.pyproj", "{51578AA9-757B-49E5-8E76-5F18B284CA31}"
EndProject
Global
	GlobalSection(SolutionConfigurationPlatforms) = preSolution
		Debug|Any CPU = Debug|Any CPU
		Release|Any CPU = Release|Any CPU
	EndGlobalSection
	GlobalSection(ProjectConfigurationPlatforms) = postSolution
		{51578AA9-757B-49E5-8E76-5F18B284CA31}.Debug|Any CPU.ActiveCfg = Debug|Any CPU
		{51578AA9-757B-49E5-8E76-5F18B284CA31}.Release|Any CPU.ActiveCfg = Release|Any CPU
	EndGlobalSection
	GlobalSection(SolutionProperties) = preSolution
		HideSolutionNode = FALSE
	EndGlobalSection
	GlobalSection(ExtensibilityGlobals) = postSolution
		SolutionGuid = {3EEC878A-7532-44C6-8E38-C1D50DDF1DD6}
	EndGlobalSection
EndGlobal
