
Microsoft Visual Studio Solution File, Format Version 12.00
# Visual Studio Version 17
VisualStudioVersion = 17.1.32210.238
MinimumVisualStudioVersion = 10.0.40219.1
Project("{FAE04EC0-301F-11D3-BF4B-00C04F79EFBC}") = "klienttest", "klienttest\klienttest.csproj", "{35EA8146-698A-494D-868F-5664BA903596}"
EndProject
Global
	GlobalSection(SolutionConfigurationPlatforms) = preSolution
		Debug|Any CPU = Debug|Any CPU
		Release|Any CPU = Release|Any CPU
	EndGlobalSection
	GlobalSection(ProjectConfigurationPlatforms) = postSolution
		{35EA8146-698A-494D-868F-5664BA903596}.Debug|Any CPU.ActiveCfg = Debug|Any CPU
		{35EA8146-698A-494D-868F-5664BA903596}.Debug|Any CPU.Build.0 = Debug|Any CPU
		{35EA8146-698A-494D-868F-5664BA903596}.Release|Any CPU.ActiveCfg = Release|Any CPU
		{35EA8146-698A-494D-868F-5664BA903596}.Release|Any CPU.Build.0 = Release|Any CPU
	EndGlobalSection
	GlobalSection(SolutionProperties) = preSolution
		HideSolutionNode = FALSE
	EndGlobalSection
	GlobalSection(ExtensibilityGlobals) = postSolution
		SolutionGuid = {9F1972FD-D982-45B5-8F53-A7587A62D639}
	EndGlobalSection
EndGlobal
