
Microsoft Visual Studio Solution File, Format Version 12.00
# Visual Studio Version 16
VisualStudioVersion = 16.0.31702.278
MinimumVisualStudioVersion = 10.0.40219.1
Project("{888888A0-9F3D-457C-B088-3A5042F75D52}") = "vyskytmaxima", "vyskytmaxima\vyskytmaxima.pyproj", "{DE21822C-BECD-4CB5-B732-AF91F7B73A98}"
EndProject
Global
	GlobalSection(SolutionConfigurationPlatforms) = preSolution
		Debug|Any CPU = Debug|Any CPU
		Release|Any CPU = Release|Any CPU
	EndGlobalSection
	GlobalSection(ProjectConfigurationPlatforms) = postSolution
		{DE21822C-BECD-4CB5-B732-AF91F7B73A98}.Debug|Any CPU.ActiveCfg = Debug|Any CPU
		{DE21822C-BECD-4CB5-B732-AF91F7B73A98}.Release|Any CPU.ActiveCfg = Release|Any CPU
	EndGlobalSection
	GlobalSection(SolutionProperties) = preSolution
		HideSolutionNode = FALSE
	EndGlobalSection
	GlobalSection(ExtensibilityGlobals) = postSolution
		SolutionGuid = {10EF72AA-3E44-477E-BDDE-D4469F228272}
	EndGlobalSection
EndGlobal
