
Microsoft Visual Studio Solution File, Format Version 12.00
# Visual Studio Version 17
VisualStudioVersion = 17.1.32210.238
MinimumVisualStudioVersion = 10.0.40219.1
Project("{FAE04EC0-301F-11D3-BF4B-00C04F79EFBC}") = "test", "test\test.csproj", "{C5207071-9FA5-40BE-99FF-0F2C513891D0}"
EndProject
Global
	GlobalSection(SolutionConfigurationPlatforms) = preSolution
		Debug|Any CPU = Debug|Any CPU
		Release|Any CPU = Release|Any CPU
	EndGlobalSection
	GlobalSection(ProjectConfigurationPlatforms) = postSolution
		{C5207071-9FA5-40BE-99FF-0F2C513891D0}.Debug|Any CPU.ActiveCfg = Debug|Any CPU
		{C5207071-9FA5-40BE-99FF-0F2C513891D0}.Debug|Any CPU.Build.0 = Debug|Any CPU
		{C5207071-9FA5-40BE-99FF-0F2C513891D0}.Release|Any CPU.ActiveCfg = Release|Any CPU
		{C5207071-9FA5-40BE-99FF-0F2C513891D0}.Release|Any CPU.Build.0 = Release|Any CPU
	EndGlobalSection
	GlobalSection(SolutionProperties) = preSolution
		HideSolutionNode = FALSE
	EndGlobalSection
	GlobalSection(ExtensibilityGlobals) = postSolution
		SolutionGuid = {03388F8A-4F19-4F30-A988-996663C1253E}
	EndGlobalSection
EndGlobal
