
Microsoft Visual Studio Solution File, Format Version 12.00
# Visual Studio Version 17
VisualStudioVersion = 17.1.32210.238
MinimumVisualStudioVersion = 10.0.40219.1
Project("{FAE04EC0-301F-11D3-BF4B-00C04F79EFBC}") = "maximumvyskyt", "maximumvyskyt\maximumvyskyt.csproj", "{F729F409-9E99-4FCD-BE91-1E6AA3373FED}"
EndProject
Global
	GlobalSection(SolutionConfigurationPlatforms) = preSolution
		Debug|Any CPU = Debug|Any CPU
		Release|Any CPU = Release|Any CPU
	EndGlobalSection
	GlobalSection(ProjectConfigurationPlatforms) = postSolution
		{F729F409-9E99-4FCD-BE91-1E6AA3373FED}.Debug|Any CPU.ActiveCfg = Debug|Any CPU
		{F729F409-9E99-4FCD-BE91-1E6AA3373FED}.Debug|Any CPU.Build.0 = Debug|Any CPU
		{F729F409-9E99-4FCD-BE91-1E6AA3373FED}.Release|Any CPU.ActiveCfg = Release|Any CPU
		{F729F409-9E99-4FCD-BE91-1E6AA3373FED}.Release|Any CPU.Build.0 = Release|Any CPU
	EndGlobalSection
	GlobalSection(SolutionProperties) = preSolution
		HideSolutionNode = FALSE
	EndGlobalSection
	GlobalSection(ExtensibilityGlobals) = postSolution
		SolutionGuid = {0B006385-D110-46B3-A983-4DE9EFEFD940}
	EndGlobalSection
EndGlobal
