
Microsoft Visual Studio Solution File, Format Version 12.00
# Visual Studio Version 16
VisualStudioVersion = 16.0.31702.278
MinimumVisualStudioVersion = 10.0.40219.1
Project("{888888A0-9F3D-457C-B088-3A5042F75D52}") = "sorting_by_linked_list", "sorting_by_linked_list\sorting_by_linked_list.pyproj", "{97D226F6-8485-48AB-BDB9-258ECEC43BCC}"
EndProject
Global
	GlobalSection(SolutionConfigurationPlatforms) = preSolution
		Debug|Any CPU = Debug|Any CPU
		Release|Any CPU = Release|Any CPU
	EndGlobalSection
	GlobalSection(ProjectConfigurationPlatforms) = postSolution
		{97D226F6-8485-48AB-BDB9-258ECEC43BCC}.Debug|Any CPU.ActiveCfg = Debug|Any CPU
		{97D226F6-8485-48AB-BDB9-258ECEC43BCC}.Release|Any CPU.ActiveCfg = Release|Any CPU
	EndGlobalSection
	GlobalSection(SolutionProperties) = preSolution
		HideSolutionNode = FALSE
	EndGlobalSection
	GlobalSection(ExtensibilityGlobals) = postSolution
		SolutionGuid = {E11C63C3-0FB6-40DE-971C-C2ABA4D89008}
	EndGlobalSection
EndGlobal
