
Microsoft Visual Studio Solution File, Format Version 12.00
# Visual Studio Version 16
VisualStudioVersion = 16.0.31702.278
MinimumVisualStudioVersion = 10.0.40219.1
Project("{888888A0-9F3D-457C-B088-3A5042F75D52}") = "tower_of_hanoi", "tower_of_hanoi\tower_of_hanoi.pyproj", "{ED9FC539-625B-44F5-8BCC-EBB98333E96D}"
EndProject
Global
	GlobalSection(SolutionConfigurationPlatforms) = preSolution
		Debug|Any CPU = Debug|Any CPU
		Release|Any CPU = Release|Any CPU
	EndGlobalSection
	GlobalSection(ProjectConfigurationPlatforms) = postSolution
		{ED9FC539-625B-44F5-8BCC-EBB98333E96D}.Debug|Any CPU.ActiveCfg = Debug|Any CPU
		{ED9FC539-625B-44F5-8BCC-EBB98333E96D}.Release|Any CPU.ActiveCfg = Release|Any CPU
	EndGlobalSection
	GlobalSection(SolutionProperties) = preSolution
		HideSolutionNode = FALSE
	EndGlobalSection
	GlobalSection(ExtensibilityGlobals) = postSolution
		SolutionGuid = {9D8D9C0D-1486-4523-818B-8454CD83D5D0}
	EndGlobalSection
EndGlobal
