
Microsoft Visual Studio Solution File, Format Version 12.00
# Visual Studio Version 16
VisualStudioVersion = 16.0.31702.278
MinimumVisualStudioVersion = 10.0.40219.1
Project("{888888A0-9F3D-457C-B088-3A5042F75D52}") = "sachovnice_vez", "sachovnice_vez\sachovnice_vez.pyproj", "{27C95EFD-CD30-4B8F-88C5-DCC2D8198889}"
EndProject
Global
	GlobalSection(SolutionConfigurationPlatforms) = preSolution
		Debug|Any CPU = Debug|Any CPU
		Release|Any CPU = Release|Any CPU
	EndGlobalSection
	GlobalSection(ProjectConfigurationPlatforms) = postSolution
		{27C95EFD-CD30-4B8F-88C5-DCC2D8198889}.Debug|Any CPU.ActiveCfg = Debug|Any CPU
		{27C95EFD-CD30-4B8F-88C5-DCC2D8198889}.Release|Any CPU.ActiveCfg = Release|Any CPU
	EndGlobalSection
	GlobalSection(SolutionProperties) = preSolution
		HideSolutionNode = FALSE
	EndGlobalSection
	GlobalSection(ExtensibilityGlobals) = postSolution
		SolutionGuid = {E7B8CFC0-838B-4BEF-8481-673FF25F03A5}
	EndGlobalSection
EndGlobal
