
Microsoft Visual Studio Solution File, Format Version 12.00
# Visual Studio Version 17
VisualStudioVersion = 17.1.32210.238
MinimumVisualStudioVersion = 10.0.40219.1
Project("{FAE04EC0-301F-11D3-BF4B-00C04F79EFBC}") = "second_larget_number", "second_larget_number\second_larget_number.csproj", "{1EA24EC7-B75E-48B9-B70E-23D62CEAB485}"
EndProject
Global
	GlobalSection(SolutionConfigurationPlatforms) = preSolution
		Debug|Any CPU = Debug|Any CPU
		Release|Any CPU = Release|Any CPU
	EndGlobalSection
	GlobalSection(ProjectConfigurationPlatforms) = postSolution
		{1EA24EC7-B75E-48B9-B70E-23D62CEAB485}.Debug|Any CPU.ActiveCfg = Debug|Any CPU
		{1EA24EC7-B75E-48B9-B70E-23D62CEAB485}.Debug|Any CPU.Build.0 = Debug|Any CPU
		{1EA24EC7-B75E-48B9-B70E-23D62CEAB485}.Release|Any CPU.ActiveCfg = Release|Any CPU
		{1EA24EC7-B75E-48B9-B70E-23D62CEAB485}.Release|Any CPU.Build.0 = Release|Any CPU
	EndGlobalSection
	GlobalSection(SolutionProperties) = preSolution
		HideSolutionNode = FALSE
	EndGlobalSection
	GlobalSection(ExtensibilityGlobals) = postSolution
		SolutionGuid = {51E1414C-3762-4CF7-84B8-0C9F097B0850}
	EndGlobalSection
EndGlobal
