
Microsoft Visual Studio Solution File, Format Version 12.00
# Visual Studio Version 16
VisualStudioVersion = 16.0.31702.278
MinimumVisualStudioVersion = 10.0.40219.1
Project("{888888A0-9F3D-457C-B088-3A5042F75D52}") = "mrkev_petrzel", "mrkev_petrzel\mrkev_petrzel.pyproj", "{EB44EB19-1B56-4733-A0CF-CC25ED0BDDFF}"
EndProject
Global
	GlobalSection(SolutionConfigurationPlatforms) = preSolution
		Debug|Any CPU = Debug|Any CPU
		Release|Any CPU = Release|Any CPU
	EndGlobalSection
	GlobalSection(ProjectConfigurationPlatforms) = postSolution
		{EB44EB19-1B56-4733-A0CF-CC25ED0BDDFF}.Debug|Any CPU.ActiveCfg = Debug|Any CPU
		{EB44EB19-1B56-4733-A0CF-CC25ED0BDDFF}.Release|Any CPU.ActiveCfg = Release|Any CPU
	EndGlobalSection
	GlobalSection(SolutionProperties) = preSolution
		HideSolutionNode = FALSE
	EndGlobalSection
	GlobalSection(ExtensibilityGlobals) = postSolution
		SolutionGuid = {F41DD9DC-1684-4FDC-AFC2-9F885440D6BA}
	EndGlobalSection
EndGlobal
