
Microsoft Visual Studio Solution File, Format Version 12.00
# Visual Studio Version 16
VisualStudioVersion = 16.0.31702.278
MinimumVisualStudioVersion = 10.0.40219.1
Project("{888888A0-9F3D-457C-B088-3A5042F75D52}") = "nta_permutace_second", "nta_permutace_second\nta_permutace_second.pyproj", "{0A984ACA-47CA-4F50-82A7-AEA81502877F}"
EndProject
Global
	GlobalSection(SolutionConfigurationPlatforms) = preSolution
		Debug|Any CPU = Debug|Any CPU
		Release|Any CPU = Release|Any CPU
	EndGlobalSection
	GlobalSection(ProjectConfigurationPlatforms) = postSolution
		{0A984ACA-47CA-4F50-82A7-AEA81502877F}.Debug|Any CPU.ActiveCfg = Debug|Any CPU
		{0A984ACA-47CA-4F50-82A7-AEA81502877F}.Release|Any CPU.ActiveCfg = Release|Any CPU
	EndGlobalSection
	GlobalSection(SolutionProperties) = preSolution
		HideSolutionNode = FALSE
	EndGlobalSection
	GlobalSection(ExtensibilityGlobals) = postSolution
		SolutionGuid = {7BC74101-1E2D-4A49-B563-62C1D06078FB}
	EndGlobalSection
EndGlobal
