
Microsoft Visual Studio Solution File, Format Version 12.00
# Visual Studio Version 17
VisualStudioVersion = 17.1.32210.238
MinimumVisualStudioVersion = 10.0.40219.1
Project("{FAE04EC0-301F-11D3-BF4B-00C04F79EFBC}") = "ukolovereni", "ukolovereni\ukolovereni.csproj", "{98606182-C8AF-4834-9FAA-80709F2694F0}"
EndProject
Global
	GlobalSection(SolutionConfigurationPlatforms) = preSolution
		Debug|Any CPU = Debug|Any CPU
		Release|Any CPU = Release|Any CPU
	EndGlobalSection
	GlobalSection(ProjectConfigurationPlatforms) = postSolution
		{98606182-C8AF-4834-9FAA-80709F2694F0}.Debug|Any CPU.ActiveCfg = Debug|Any CPU
		{98606182-C8AF-4834-9FAA-80709F2694F0}.Debug|Any CPU.Build.0 = Debug|Any CPU
		{98606182-C8AF-4834-9FAA-80709F2694F0}.Release|Any CPU.ActiveCfg = Release|Any CPU
		{98606182-C8AF-4834-9FAA-80709F2694F0}.Release|Any CPU.Build.0 = Release|Any CPU
	EndGlobalSection
	GlobalSection(SolutionProperties) = preSolution
		HideSolutionNode = FALSE
	EndGlobalSection
	GlobalSection(ExtensibilityGlobals) = postSolution
		SolutionGuid = {1B06BBFB-4ABB-4B5B-A687-B1B9591A4497}
	EndGlobalSection
EndGlobal
