
Microsoft Visual Studio Solution File, Format Version 12.00
# Visual Studio Version 17
VisualStudioVersion = 17.1.32210.238
MinimumVisualStudioVersion = 10.0.40219.1
Project("{FAE04EC0-301F-11D3-BF4B-00C04F79EFBC}") = "ChessEngine zapoctak", "ChessEngine zapoctak\ChessEngine zapoctak.csproj", "{6A9291D3-97D2-456C-B23D-9815724B3458}"
EndProject
Global
	GlobalSection(SolutionConfigurationPlatforms) = preSolution
		Debug|Any CPU = Debug|Any CPU
		Release|Any CPU = Release|Any CPU
	EndGlobalSection
	GlobalSection(ProjectConfigurationPlatforms) = postSolution
		{6A9291D3-97D2-456C-B23D-9815724B3458}.Debug|Any CPU.ActiveCfg = Debug|Any CPU
		{6A9291D3-97D2-456C-B23D-9815724B3458}.Debug|Any CPU.Build.0 = Debug|Any CPU
		{6A9291D3-97D2-456C-B23D-9815724B3458}.Release|Any CPU.ActiveCfg = Release|Any CPU
		{6A9291D3-97D2-456C-B23D-9815724B3458}.Release|Any CPU.Build.0 = Release|Any CPU
	EndGlobalSection
	GlobalSection(SolutionProperties) = preSolution
		HideSolutionNode = FALSE
	EndGlobalSection
	GlobalSection(ExtensibilityGlobals) = postSolution
		SolutionGuid = {286F8F97-9F7A-46BD-8A3F-9FE0B8B1B227}
	EndGlobalSection
EndGlobal
