
Microsoft Visual Studio Solution File, Format Version 12.00
# Visual Studio Version 17
VisualStudioVersion = 17.1.32210.238
MinimumVisualStudioVersion = 10.0.40219.1
Project("{FAE04EC0-301F-11D3-BF4B-00C04F79EFBC}") = "monster", "monster\monster.csproj", "{E5A04616-F2BE-481A-BFEB-F99C83AB2AA0}"
EndProject
Global
	GlobalSection(SolutionConfigurationPlatforms) = preSolution
		Debug|Any CPU = Debug|Any CPU
		Release|Any CPU = Release|Any CPU
	EndGlobalSection
	GlobalSection(ProjectConfigurationPlatforms) = postSolution
		{E5A04616-F2BE-481A-BFEB-F99C83AB2AA0}.Debug|Any CPU.ActiveCfg = Debug|Any CPU
		{E5A04616-F2BE-481A-BFEB-F99C83AB2AA0}.Debug|Any CPU.Build.0 = Debug|Any CPU
		{E5A04616-F2BE-481A-BFEB-F99C83AB2AA0}.Release|Any CPU.ActiveCfg = Release|Any CPU
		{E5A04616-F2BE-481A-BFEB-F99C83AB2AA0}.Release|Any CPU.Build.0 = Release|Any CPU
	EndGlobalSection
	GlobalSection(SolutionProperties) = preSolution
		HideSolutionNode = FALSE
	EndGlobalSection
	GlobalSection(ExtensibilityGlobals) = postSolution
		SolutionGuid = {660F91B5-1575-4775-A852-47FB430F6E89}
	EndGlobalSection
EndGlobal
