
Microsoft Visual Studio Solution File, Format Version 12.00
# Visual Studio Version 17
VisualStudioVersion = 17.1.32210.238
MinimumVisualStudioVersion = 10.0.40219.1
Project("{FAE04EC0-301F-11D3-BF4B-00C04F79EFBC}") = "zapoctak", "zapoctak\zapoctak.csproj", "{947376F1-1CE0-48E4-A328-F2DE25F83B01}"
EndProject
Global
	GlobalSection(SolutionConfigurationPlatforms) = preSolution
		Debug|Any CPU = Debug|Any CPU
		Release|Any CPU = Release|Any CPU
	EndGlobalSection
	GlobalSection(ProjectConfigurationPlatforms) = postSolution
		{947376F1-1CE0-48E4-A328-F2DE25F83B01}.Debug|Any CPU.ActiveCfg = Debug|Any CPU
		{947376F1-1CE0-48E4-A328-F2DE25F83B01}.Debug|Any CPU.Build.0 = Debug|Any CPU
		{947376F1-1CE0-48E4-A328-F2DE25F83B01}.Release|Any CPU.ActiveCfg = Release|Any CPU
		{947376F1-1CE0-48E4-A328-F2DE25F83B01}.Release|Any CPU.Build.0 = Release|Any CPU
	EndGlobalSection
	GlobalSection(SolutionProperties) = preSolution
		HideSolutionNode = FALSE
	EndGlobalSection
	GlobalSection(ExtensibilityGlobals) = postSolution
		SolutionGuid = {635E80DA-3AAD-4586-BE0E-CD3E78A4FE4E}
	EndGlobalSection
EndGlobal
