
Microsoft Visual Studio Solution File, Format Version 12.00
# Visual Studio Version 16
VisualStudioVersion = 16.0.31702.278
MinimumVisualStudioVersion = 10.0.40219.1
Project("{888888A0-9F3D-457C-B088-3A5042F75D52}") = "typesettings2", "typesettings2\typesettings2.pyproj", "{BFA89E71-7E45-43B3-8D4C-C783154B4CA0}"
EndProject
Global
	GlobalSection(SolutionConfigurationPlatforms) = preSolution
		Debug|Any CPU = Debug|Any CPU
		Release|Any CPU = Release|Any CPU
	EndGlobalSection
	GlobalSection(ProjectConfigurationPlatforms) = postSolution
		{BFA89E71-7E45-43B3-8D4C-C783154B4CA0}.Debug|Any CPU.ActiveCfg = Debug|Any CPU
		{BFA89E71-7E45-43B3-8D4C-C783154B4CA0}.Release|Any CPU.ActiveCfg = Release|Any CPU
	EndGlobalSection
	GlobalSection(SolutionProperties) = preSolution
		HideSolutionNode = FALSE
	EndGlobalSection
	GlobalSection(ExtensibilityGlobals) = postSolution
		SolutionGuid = {608BCB04-41A2-40DF-8648-2B983670FA9C}
	EndGlobalSection
EndGlobal
