
Microsoft Visual Studio Solution File, Format Version 12.00
# Visual Studio Version 16
VisualStudioVersion = 16.0.31702.278
MinimumVisualStudioVersion = 10.0.40219.1
Project("{888888A0-9F3D-457C-B088-3A5042F75D52}") = "PythonApplication1", "PythonApplication1\PythonApplication1.pyproj", "{D3BB06DE-9A14-4A1E-B8E8-8DA0D9128C8E}"
EndProject
Global
	GlobalSection(SolutionConfigurationPlatforms) = preSolution
		Debug|Any CPU = Debug|Any CPU
		Release|Any CPU = Release|Any CPU
	EndGlobalSection
	GlobalSection(ProjectConfigurationPlatforms) = postSolution
		{D3BB06DE-9A14-4A1E-B8E8-8DA0D9128C8E}.Debug|Any CPU.ActiveCfg = Debug|Any CPU
		{D3BB06DE-9A14-4A1E-B8E8-8DA0D9128C8E}.Release|Any CPU.ActiveCfg = Release|Any CPU
	EndGlobalSection
	GlobalSection(SolutionProperties) = preSolution
		HideSolutionNode = FALSE
	EndGlobalSection
	GlobalSection(ExtensibilityGlobals) = postSolution
		SolutionGuid = {3BB3A4E7-2A6B-4307-8AF7-F83B52947143}
	EndGlobalSection
EndGlobal
